
Microsoft Visual Studio Solution File, Format Version 12.00
# Visual Studio Version 16
VisualStudioVersion = 16.0.30611.23
MinimumVisualStudioVersion = 10.0.40219.1
Project("{9A19103F-16F7-4668-BE54-9A1E7A4F7556}") = "InnovateFPGA2021-WebApp", "InnovateFPGA2021-WebApp\InnovateFPGA2021-WebApp.csproj", "{726468C4-4673-41C5-A41C-97D21708DEE0}"
EndProject
Global
	GlobalSection(SolutionConfigurationPlatforms) = preSolution
		Debug|Any CPU = Debug|Any CPU
		Release|Any CPU = Release|Any CPU
	EndGlobalSection
	GlobalSection(ProjectConfigurationPlatforms) = postSolution
		{726468C4-4673-41C5-A41C-97D21708DEE0}.Debug|Any CPU.ActiveCfg = Debug|Any CPU
		{726468C4-4673-41C5-A41C-97D21708DEE0}.Debug|Any CPU.Build.0 = Debug|Any CPU
		{726468C4-4673-41C5-A41C-97D21708DEE0}.Release|Any CPU.ActiveCfg = Release|Any CPU
		{726468C4-4673-41C5-A41C-97D21708DEE0}.Release|Any CPU.Build.0 = Release|Any CPU
	EndGlobalSection
	GlobalSection(SolutionProperties) = preSolution
		HideSolutionNode = FALSE
	EndGlobalSection
	GlobalSection(ExtensibilityGlobals) = postSolution
		SolutionGuid = {7AC42648-4C2A-4CA4-80D2-40A181468BAF}
	EndGlobalSection
EndGlobal
